# THIS IS AN AUTOGENERATED FILE. DO NOT EDIT THIS FILE DIRECTLY.
# yarn lockfile v1


"@types/k6@^0.38.0":
  version "0.38.0"
  resolved "https://registry.yarnpkg.com/@types/k6/-/k6-0.38.0.tgz#6d3792712743085f33a24c8a33bef720ae363474"
  integrity sha512-2+8ctiOU/S3K+ztfrCpvC4OgC5TjAFRh6BtFV0hWJUlqNcHyQnKC6qkTTKYP20brYH7H3k6ziA4k3z5ZYkyTRQ==
